PODS:
  - Charts (3.3.0):
    - Charts/Core (= 3.3.0)
  - Charts/Core (3.3.0)

DEPENDENCIES:
  - Charts

SPEC REPOS:
  https://github.com/cocoapods/specs.git:
    - Charts

SPEC CHECKSUMS:
  Charts: ec1f57f9340054155691e84d4544a1d239d382c5

PODFILE CHECKSUM: 252acffcc24321018a1376fc333d5e40e19d77f3

COCOAPODS: 1.6.1
